
Microsoft Visual Studio Solution File, Format Version 12.00
# Visual Studio Version 17
VisualStudioVersion = 17.0.32112.339
MinimumVisualStudioVersion = 10.0.40219.1
Project("{9A19103F-16F7-4668-BE54-9A1E7A4F7556}") = "Kardinal.Net", "Core\Kardinal.Net\Kardinal.Net.csproj", "{1825501C-1E35-41D6-966D-3E63E9A3AA2C}"
EndProject
Project("{9A19103F-16F7-4668-BE54-9A1E7A4F7556}") = "Kardinal.Net.Web", "Web\Kardinal.Net.Web\Kardinal.Net.Web.csproj", "{8EFDEA74-E676-4A42-9525-944D729E2846}"
EndProject
Project("{2150E333-8FDC-42A3-9474-1A3956D46DE8}") = "Web", "Web", "{905CA932-574F-4D40-8B5E-382116B4DBE0}"
EndProject
Project("{2150E333-8FDC-42A3-9474-1A3956D46DE8}") = "Core", "Core", "{13476B38-99FF-4DBA-B0BB-9BCAE725AF03}"
EndProject
Project("{2150E333-8FDC-42A3-9474-1A3956D46DE8}") = "Addons", "Addons", "{713F649C-2CD3-4B3A-8D5A-CC1CA5E457DE}"
EndProject
Project("{9A19103F-16F7-4668-BE54-9A1E7A4F7556}") = "Kardinal.Net.Web.Authorization", "Addons\Kardinal.Net.Web.Authorization\Kardinal.Net.Web.Authorization.csproj", "{ABFF5805-C290-4FA4-A342-BC7FEC195930}"
EndProject
Project("{9A19103F-16F7-4668-BE54-9A1E7A4F7556}") = "Kardinal.Net.Web.Authorization.Permissions", "Addons\Kardinal.Net.Web.Authorization.Permissions\Kardinal.Net.Web.Authorization.Permissions.csproj", "{F8D33F0D-6267-4D25-85AA-352840DFF153}"
EndProject
Project("{2150E333-8FDC-42A3-9474-1A3956D46DE8}") = "Tests", "Tests", "{697788D9-6523-4CD1-AA91-D299F32EFBB6}"
EndProject
Project("{9A19103F-16F7-4668-BE54-9A1E7A4F7556}") = "Kardinal.Net.Web.Controller", "Web\Kardinal.Net.Web.Controller\Kardinal.Net.Web.Controller.csproj", "{253D9324-4ABD-425B-9AF5-FEBEC8A244CE}"
EndProject
Project("{9A19103F-16F7-4668-BE54-9A1E7A4F7556}") = "Kardinal.Net.Web.Data.EntityFramework", "Web\Kardinal.Net.Web.Data.EntityFramework\Kardinal.Net.Web.Data.EntityFramework.csproj", "{ECF496C1-A0EB-4813-B871-5E62C14D303D}"
EndProject
Project("{9A19103F-16F7-4668-BE54-9A1E7A4F7556}") = "Kardinal.Net.Web.Authorization.Tests", "Tests\Kardinal.Net.Web.Authorization.Tests\Kardinal.Net.Web.Authorization.Tests.csproj", "{C545D559-6DAF-48BA-9F6D-B6D9EFB3BE2C}"
EndProject
Project("{9A19103F-16F7-4668-BE54-9A1E7A4F7556}") = "Kardinal.Net.Tests", "Tests\Kardinal.Net.Tests\Kardinal.Net.Tests.csproj", "{140B4D2B-39ED-467D-B25F-9BE7CFD1014D}"
EndProject
Project("{2150E333-8FDC-42A3-9474-1A3956D46DE8}") = "Samples", "Samples", "{322561D0-D5C5-428E-8A81-AFE48EE4AB49}"
EndProject
Project("{9A19103F-16F7-4668-BE54-9A1E7A4F7556}") = "Kardinal.Net.Console.Samples", "Samples\Kardinal.Net.Console.Samples\Kardinal.Net.Console.Samples.csproj", "{FEE50B2C-56CB-44C8-A1AC-70CE43328772}"
EndProject
Project("{9A19103F-16F7-4668-BE54-9A1E7A4F7556}") = "Kardinal.Net.MediaTypes", "Addons\Kardinal.Net.MediaTypes\Kardinal.Net.MediaTypes.csproj", "{141B28ED-F84A-4D64-8471-97441D18CDC6}"
EndProject
Project("{9A19103F-16F7-4668-BE54-9A1E7A4F7556}") = "Kardinal.Net.Web.MediaTypes", "Web\Kardinal.Net.Web.MediaTypes\Kardinal.Net.Web.MediaTypes.csproj", "{E019CAD2-34B3-4667-B11F-9AB1FA7F0AD0}"
EndProject
Project("{9A19103F-16F7-4668-BE54-9A1E7A4F7556}") = "Kardinal.Net.MediaTypes.Tests", "Tests\Kardinal.Net.MediaTypes.Tests\Kardinal.Net.MediaTypes.Tests.csproj", "{2B7E5B55-9079-44E9-9ACF-36FDA06DA2AB}"
EndProject
Project("{9A19103F-16F7-4668-BE54-9A1E7A4F7556}") = "Kardinal.Net.Blockchain", "Addons\Kardinal.Net.Blockchain\Kardinal.Net.Blockchain.csproj", "{3F809B6D-7F9D-43E0-8C2B-0343E0EEA7C5}"
EndProject
Project("{9A19103F-16F7-4668-BE54-9A1E7A4F7556}") = "Kardinal.Net.Web.JWT", "Web\Kardinal.Net.Web.JWT\Kardinal.Net.Web.JWT.csproj", "{2F351448-D037-476E-AB76-5C1066298029}"
EndProject
Project("{9A19103F-16F7-4668-BE54-9A1E7A4F7556}") = "Kardinal.Net.Web.Samples", "Samples\Kardinal.Net.Web.Samples\Kardinal.Net.Web.Samples.csproj", "{9F63461C-84A9-4E36-8596-59EDF37B9C94}"
EndProject
Project("{9A19103F-16F7-4668-BE54-9A1E7A4F7556}") = "Kardinal.Net.Geometry", "Addons\Kardinal.Net.Geometry\Kardinal.Net.Geometry.csproj", "{A4A39B22-C0A2-483C-9D5C-BAC21A7F701F}"
EndProject
Project("{9A19103F-16F7-4668-BE54-9A1E7A4F7556}") = "Kardinal.Net.Data.EntityFramework", "Addons\Kardinal.Net.Data.EntityFramework\Kardinal.Net.Data.EntityFramework.csproj", "{00F64624-5CE4-47D7-A977-A59326836E62}"
EndProject
Global
	GlobalSection(SolutionConfigurationPlatforms) = preSolution
		Debug|Any CPU = Debug|Any CPU
		Debug|x64 = Debug|x64
		Debug|x86 = Debug|x86
		Release|Any CPU = Release|Any CPU
		Release|x64 = Release|x64
		Release|x86 = Release|x86
	EndGlobalSection
	GlobalSection(ProjectConfigurationPlatforms) = postSolution
		{1825501C-1E35-41D6-966D-3E63E9A3AA2C}.Debug|Any CPU.ActiveCfg = Debug|Any CPU
		{1825501C-1E35-41D6-966D-3E63E9A3AA2C}.Debug|Any CPU.Build.0 = Debug|Any CPU
		{1825501C-1E35-41D6-966D-3E63E9A3AA2C}.Debug|x64.ActiveCfg = Debug|x64
		{1825501C-1E35-41D6-966D-3E63E9A3AA2C}.Debug|x64.Build.0 = Debug|x64
		{1825501C-1E35-41D6-966D-3E63E9A3AA2C}.Debug|x86.ActiveCfg = Debug|Any CPU
		{1825501C-1E35-41D6-966D-3E63E9A3AA2C}.Debug|x86.Build.0 = Debug|Any CPU
		{1825501C-1E35-41D6-966D-3E63E9A3AA2C}.Release|Any CPU.ActiveCfg = Release|Any CPU
		{1825501C-1E35-41D6-966D-3E63E9A3AA2C}.Release|Any CPU.Build.0 = Release|Any CPU
		{1825501C-1E35-41D6-966D-3E63E9A3AA2C}.Release|x64.ActiveCfg = Release|x64
		{1825501C-1E35-41D6-966D-3E63E9A3AA2C}.Release|x64.Build.0 = Release|x64
		{1825501C-1E35-41D6-966D-3E63E9A3AA2C}.Release|x86.ActiveCfg = Release|Any CPU
		{1825501C-1E35-41D6-966D-3E63E9A3AA2C}.Release|x86.Build.0 = Release|Any CPU
		{8EFDEA74-E676-4A42-9525-944D729E2846}.Debug|Any CPU.ActiveCfg = Debug|Any CPU
		{8EFDEA74-E676-4A42-9525-944D729E2846}.Debug|Any CPU.Build.0 = Debug|Any CPU
		{8EFDEA74-E676-4A42-9525-944D729E2846}.Debug|x64.ActiveCfg = Debug|x64
		{8EFDEA74-E676-4A42-9525-944D729E2846}.Debug|x64.Build.0 = Debug|x64
		{8EFDEA74-E676-4A42-9525-944D729E2846}.Debug|x86.ActiveCfg = Debug|Any CPU
		{8EFDEA74-E676-4A42-9525-944D729E2846}.Debug|x86.Build.0 = Debug|Any CPU
		{8EFDEA74-E676-4A42-9525-944D729E2846}.Release|Any CPU.ActiveCfg = Release|Any CPU
		{8EFDEA74-E676-4A42-9525-944D729E2846}.Release|Any CPU.Build.0 = Release|Any CPU
		{8EFDEA74-E676-4A42-9525-944D729E2846}.Release|x64.ActiveCfg = Release|x64
		{8EFDEA74-E676-4A42-9525-944D729E2846}.Release|x64.Build.0 = Release|x64
		{8EFDEA74-E676-4A42-9525-944D729E2846}.Release|x86.ActiveCfg = Release|Any CPU
		{8EFDEA74-E676-4A42-9525-944D729E2846}.Release|x86.Build.0 = Release|Any CPU
		{ABFF5805-C290-4FA4-A342-BC7FEC195930}.Debug|Any CPU.ActiveCfg = Debug|Any CPU
		{ABFF5805-C290-4FA4-A342-BC7FEC195930}.Debug|Any CPU.Build.0 = Debug|Any CPU
		{ABFF5805-C290-4FA4-A342-BC7FEC195930}.Debug|x64.ActiveCfg = Debug|x64
		{ABFF5805-C290-4FA4-A342-BC7FEC195930}.Debug|x64.Build.0 = Debug|x64
		{ABFF5805-C290-4FA4-A342-BC7FEC195930}.Debug|x86.ActiveCfg = Debug|Any CPU
		{ABFF5805-C290-4FA4-A342-BC7FEC195930}.Debug|x86.Build.0 = Debug|Any CPU
		{ABFF5805-C290-4FA4-A342-BC7FEC195930}.Release|Any CPU.ActiveCfg = Release|Any CPU
		{ABFF5805-C290-4FA4-A342-BC7FEC195930}.Release|Any CPU.Build.0 = Release|Any CPU
		{ABFF5805-C290-4FA4-A342-BC7FEC195930}.Release|x64.ActiveCfg = Release|x64
		{ABFF5805-C290-4FA4-A342-BC7FEC195930}.Release|x64.Build.0 = Release|x64
		{ABFF5805-C290-4FA4-A342-BC7FEC195930}.Release|x86.ActiveCfg = Release|Any CPU
		{ABFF5805-C290-4FA4-A342-BC7FEC195930}.Release|x86.Build.0 = Release|Any CPU
		{F8D33F0D-6267-4D25-85AA-352840DFF153}.Debug|Any CPU.ActiveCfg = Debug|Any CPU
		{F8D33F0D-6267-4D25-85AA-352840DFF153}.Debug|Any CPU.Build.0 = Debug|Any CPU
		{F8D33F0D-6267-4D25-85AA-352840DFF153}.Debug|x64.ActiveCfg = Debug|x64
		{F8D33F0D-6267-4D25-85AA-352840DFF153}.Debug|x64.Build.0 = Debug|x64
		{F8D33F0D-6267-4D25-85AA-352840DFF153}.Debug|x86.ActiveCfg = Debug|Any CPU
		{F8D33F0D-6267-4D25-85AA-352840DFF153}.Debug|x86.Build.0 = Debug|Any CPU
		{F8D33F0D-6267-4D25-85AA-352840DFF153}.Release|Any CPU.ActiveCfg = Release|Any CPU
		{F8D33F0D-6267-4D25-85AA-352840DFF153}.Release|Any CPU.Build.0 = Release|Any CPU
		{F8D33F0D-6267-4D25-85AA-352840DFF153}.Release|x64.ActiveCfg = Release|x64
		{F8D33F0D-6267-4D25-85AA-352840DFF153}.Release|x64.Build.0 = Release|x64
		{F8D33F0D-6267-4D25-85AA-352840DFF153}.Release|x86.ActiveCfg = Release|Any CPU
		{F8D33F0D-6267-4D25-85AA-352840DFF153}.Release|x86.Build.0 = Release|Any CPU
		{253D9324-4ABD-425B-9AF5-FEBEC8A244CE}.Debug|Any CPU.ActiveCfg = Debug|Any CPU
		{253D9324-4ABD-425B-9AF5-FEBEC8A244CE}.Debug|Any CPU.Build.0 = Debug|Any CPU
		{253D9324-4ABD-425B-9AF5-FEBEC8A244CE}.Debug|x64.ActiveCfg = Debug|x64
		{253D9324-4ABD-425B-9AF5-FEBEC8A244CE}.Debug|x64.Build.0 = Debug|x64
		{253D9324-4ABD-425B-9AF5-FEBEC8A244CE}.Debug|x86.ActiveCfg = Debug|Any CPU
		{253D9324-4ABD-425B-9AF5-FEBEC8A244CE}.Debug|x86.Build.0 = Debug|Any CPU
		{253D9324-4ABD-425B-9AF5-FEBEC8A244CE}.Release|Any CPU.ActiveCfg = Release|Any CPU
		{253D9324-4ABD-425B-9AF5-FEBEC8A244CE}.Release|Any CPU.Build.0 = Release|Any CPU
		{253D9324-4ABD-425B-9AF5-FEBEC8A244CE}.Release|x64.ActiveCfg = Release|x64
		{253D9324-4ABD-425B-9AF5-FEBEC8A244CE}.Release|x64.Build.0 = Release|x64
		{253D9324-4ABD-425B-9AF5-FEBEC8A244CE}.Release|x86.ActiveCfg = Release|Any CPU
		{253D9324-4ABD-425B-9AF5-FEBEC8A244CE}.Release|x86.Build.0 = Release|Any CPU
		{ECF496C1-A0EB-4813-B871-5E62C14D303D}.Debug|Any CPU.ActiveCfg = Debug|Any CPU
		{ECF496C1-A0EB-4813-B871-5E62C14D303D}.Debug|Any CPU.Build.0 = Debug|Any CPU
		{ECF496C1-A0EB-4813-B871-5E62C14D303D}.Debug|x64.ActiveCfg = Debug|x64
		{ECF496C1-A0EB-4813-B871-5E62C14D303D}.Debug|x64.Build.0 = Debug|x64
		{ECF496C1-A0EB-4813-B871-5E62C14D303D}.Debug|x86.ActiveCfg = Debug|Any CPU
		{ECF496C1-A0EB-4813-B871-5E62C14D303D}.Debug|x86.Build.0 = Debug|Any CPU
		{ECF496C1-A0EB-4813-B871-5E62C14D303D}.Release|Any CPU.ActiveCfg = Release|Any CPU
		{ECF496C1-A0EB-4813-B871-5E62C14D303D}.Release|Any CPU.Build.0 = Release|Any CPU
		{ECF496C1-A0EB-4813-B871-5E62C14D303D}.Release|x64.ActiveCfg = Release|x64
		{ECF496C1-A0EB-4813-B871-5E62C14D303D}.Release|x64.Build.0 = Release|x64
		{ECF496C1-A0EB-4813-B871-5E62C14D303D}.Release|x86.ActiveCfg = Release|Any CPU
		{ECF496C1-A0EB-4813-B871-5E62C14D303D}.Release|x86.Build.0 = Release|Any CPU
		{C545D559-6DAF-48BA-9F6D-B6D9EFB3BE2C}.Debug|Any CPU.ActiveCfg = Debug|Any CPU
		{C545D559-6DAF-48BA-9F6D-B6D9EFB3BE2C}.Debug|Any CPU.Build.0 = Debug|Any CPU
		{C545D559-6DAF-48BA-9F6D-B6D9EFB3BE2C}.Debug|x64.ActiveCfg = Debug|x64
		{C545D559-6DAF-48BA-9F6D-B6D9EFB3BE2C}.Debug|x64.Build.0 = Debug|x64
		{C545D559-6DAF-48BA-9F6D-B6D9EFB3BE2C}.Debug|x86.ActiveCfg = Debug|Any CPU
		{C545D559-6DAF-48BA-9F6D-B6D9EFB3BE2C}.Debug|x86.Build.0 = Debug|Any CPU
		{C545D559-6DAF-48BA-9F6D-B6D9EFB3BE2C}.Release|Any CPU.ActiveCfg = Release|Any CPU
		{C545D559-6DAF-48BA-9F6D-B6D9EFB3BE2C}.Release|Any CPU.Build.0 = Release|Any CPU
		{C545D559-6DAF-48BA-9F6D-B6D9EFB3BE2C}.Release|x64.ActiveCfg = Release|x64
		{C545D559-6DAF-48BA-9F6D-B6D9EFB3BE2C}.Release|x64.Build.0 = Release|x64
		{C545D559-6DAF-48BA-9F6D-B6D9EFB3BE2C}.Release|x86.ActiveCfg = Release|Any CPU
		{C545D559-6DAF-48BA-9F6D-B6D9EFB3BE2C}.Release|x86.Build.0 = Release|Any CPU
		{140B4D2B-39ED-467D-B25F-9BE7CFD1014D}.Debug|Any CPU.ActiveCfg = Debug|Any CPU
		{140B4D2B-39ED-467D-B25F-9BE7CFD1014D}.Debug|Any CPU.Build.0 = Debug|Any CPU
		{140B4D2B-39ED-467D-B25F-9BE7CFD1014D}.Debug|x64.ActiveCfg = Debug|x64
		{140B4D2B-39ED-467D-B25F-9BE7CFD1014D}.Debug|x64.Build.0 = Debug|x64
		{140B4D2B-39ED-467D-B25F-9BE7CFD1014D}.Debug|x86.ActiveCfg = Debug|Any CPU
		{140B4D2B-39ED-467D-B25F-9BE7CFD1014D}.Debug|x86.Build.0 = Debug|Any CPU
		{140B4D2B-39ED-467D-B25F-9BE7CFD1014D}.Release|Any CPU.ActiveCfg = Release|Any CPU
		{140B4D2B-39ED-467D-B25F-9BE7CFD1014D}.Release|Any CPU.Build.0 = Release|Any CPU
		{140B4D2B-39ED-467D-B25F-9BE7CFD1014D}.Release|x64.ActiveCfg = Release|x64
		{140B4D2B-39ED-467D-B25F-9BE7CFD1014D}.Release|x64.Build.0 = Release|x64
		{140B4D2B-39ED-467D-B25F-9BE7CFD1014D}.Release|x86.ActiveCfg = Release|Any CPU
		{140B4D2B-39ED-467D-B25F-9BE7CFD1014D}.Release|x86.Build.0 = Release|Any CPU
		{FEE50B2C-56CB-44C8-A1AC-70CE43328772}.Debug|Any CPU.ActiveCfg = Debug|Any CPU
		{FEE50B2C-56CB-44C8-A1AC-70CE43328772}.Debug|Any CPU.Build.0 = Debug|Any CPU
		{FEE50B2C-56CB-44C8-A1AC-70CE43328772}.Debug|x64.ActiveCfg = Debug|Any CPU
		{FEE50B2C-56CB-44C8-A1AC-70CE43328772}.Debug|x64.Build.0 = Debug|Any CPU
		{FEE50B2C-56CB-44C8-A1AC-70CE43328772}.Debug|x86.ActiveCfg = Debug|Any CPU
		{FEE50B2C-56CB-44C8-A1AC-70CE43328772}.Debug|x86.Build.0 = Debug|Any CPU
		{FEE50B2C-56CB-44C8-A1AC-70CE43328772}.Release|Any CPU.ActiveCfg = Release|Any CPU
		{FEE50B2C-56CB-44C8-A1AC-70CE43328772}.Release|Any CPU.Build.0 = Release|Any CPU
		{FEE50B2C-56CB-44C8-A1AC-70CE43328772}.Release|x64.ActiveCfg = Release|Any CPU
		{FEE50B2C-56CB-44C8-A1AC-70CE43328772}.Release|x64.Build.0 = Release|Any CPU
		{FEE50B2C-56CB-44C8-A1AC-70CE43328772}.Release|x86.ActiveCfg = Release|Any CPU
		{FEE50B2C-56CB-44C8-A1AC-70CE43328772}.Release|x86.Build.0 = Release|Any CPU
		{141B28ED-F84A-4D64-8471-97441D18CDC6}.Debug|Any CPU.ActiveCfg = Debug|Any CPU
		{141B28ED-F84A-4D64-8471-97441D18CDC6}.Debug|Any CPU.Build.0 = Debug|Any CPU
		{141B28ED-F84A-4D64-8471-97441D18CDC6}.Debug|x64.ActiveCfg = Debug|x64
		{141B28ED-F84A-4D64-8471-97441D18CDC6}.Debug|x64.Build.0 = Debug|x64
		{141B28ED-F84A-4D64-8471-97441D18CDC6}.Debug|x86.ActiveCfg = Debug|Any CPU
		{141B28ED-F84A-4D64-8471-97441D18CDC6}.Debug|x86.Build.0 = Debug|Any CPU
		{141B28ED-F84A-4D64-8471-97441D18CDC6}.Release|Any CPU.ActiveCfg = Release|Any CPU
		{141B28ED-F84A-4D64-8471-97441D18CDC6}.Release|Any CPU.Build.0 = Release|Any CPU
		{141B28ED-F84A-4D64-8471-97441D18CDC6}.Release|x64.ActiveCfg = Release|x64
		{141B28ED-F84A-4D64-8471-97441D18CDC6}.Release|x64.Build.0 = Release|x64
		{141B28ED-F84A-4D64-8471-97441D18CDC6}.Release|x86.ActiveCfg = Release|Any CPU
		{141B28ED-F84A-4D64-8471-97441D18CDC6}.Release|x86.Build.0 = Release|Any CPU
		{E019CAD2-34B3-4667-B11F-9AB1FA7F0AD0}.Debug|Any CPU.ActiveCfg = Debug|Any CPU
		{E019CAD2-34B3-4667-B11F-9AB1FA7F0AD0}.Debug|Any CPU.Build.0 = Debug|Any CPU
		{E019CAD2-34B3-4667-B11F-9AB1FA7F0AD0}.Debug|x64.ActiveCfg = Debug|Any CPU
		{E019CAD2-34B3-4667-B11F-9AB1FA7F0AD0}.Debug|x64.Build.0 = Debug|Any CPU
		{E019CAD2-34B3-4667-B11F-9AB1FA7F0AD0}.Debug|x86.ActiveCfg = Debug|Any CPU
		{E019CAD2-34B3-4667-B11F-9AB1FA7F0AD0}.Debug|x86.Build.0 = Debug|Any CPU
		{E019CAD2-34B3-4667-B11F-9AB1FA7F0AD0}.Release|Any CPU.ActiveCfg = Release|Any CPU
		{E019CAD2-34B3-4667-B11F-9AB1FA7F0AD0}.Release|Any CPU.Build.0 = Release|Any CPU
		{E019CAD2-34B3-4667-B11F-9AB1FA7F0AD0}.Release|x64.ActiveCfg = Release|Any CPU
		{E019CAD2-34B3-4667-B11F-9AB1FA7F0AD0}.Release|x64.Build.0 = Release|Any CPU
		{E019CAD2-34B3-4667-B11F-9AB1FA7F0AD0}.Release|x86.ActiveCfg = Release|Any CPU
		{E019CAD2-34B3-4667-B11F-9AB1FA7F0AD0}.Release|x86.Build.0 = Release|Any CPU
		{2B7E5B55-9079-44E9-9ACF-36FDA06DA2AB}.Debug|Any CPU.ActiveCfg = Debug|Any CPU
		{2B7E5B55-9079-44E9-9ACF-36FDA06DA2AB}.Debug|Any CPU.Build.0 = Debug|Any CPU
		{2B7E5B55-9079-44E9-9ACF-36FDA06DA2AB}.Debug|x64.ActiveCfg = Debug|Any CPU
		{2B7E5B55-9079-44E9-9ACF-36FDA06DA2AB}.Debug|x64.Build.0 = Debug|Any CPU
		{2B7E5B55-9079-44E9-9ACF-36FDA06DA2AB}.Debug|x86.ActiveCfg = Debug|Any CPU
		{2B7E5B55-9079-44E9-9ACF-36FDA06DA2AB}.Debug|x86.Build.0 = Debug|Any CPU
		{2B7E5B55-9079-44E9-9ACF-36FDA06DA2AB}.Release|Any CPU.ActiveCfg = Release|Any CPU
		{2B7E5B55-9079-44E9-9ACF-36FDA06DA2AB}.Release|Any CPU.Build.0 = Release|Any CPU
		{2B7E5B55-9079-44E9-9ACF-36FDA06DA2AB}.Release|x64.ActiveCfg = Release|Any CPU
		{2B7E5B55-9079-44E9-9ACF-36FDA06DA2AB}.Release|x64.Build.0 = Release|Any CPU
		{2B7E5B55-9079-44E9-9ACF-36FDA06DA2AB}.Release|x86.ActiveCfg = Release|Any CPU
		{2B7E5B55-9079-44E9-9ACF-36FDA06DA2AB}.Release|x86.Build.0 = Release|Any CPU
		{3F809B6D-7F9D-43E0-8C2B-0343E0EEA7C5}.Debug|Any CPU.ActiveCfg = Debug|Any CPU
		{3F809B6D-7F9D-43E0-8C2B-0343E0EEA7C5}.Debug|Any CPU.Build.0 = Debug|Any CPU
		{3F809B6D-7F9D-43E0-8C2B-0343E0EEA7C5}.Debug|x64.ActiveCfg = Debug|Any CPU
		{3F809B6D-7F9D-43E0-8C2B-0343E0EEA7C5}.Debug|x64.Build.0 = Debug|Any CPU
		{3F809B6D-7F9D-43E0-8C2B-0343E0EEA7C5}.Debug|x86.ActiveCfg = Debug|Any CPU
		{3F809B6D-7F9D-43E0-8C2B-0343E0EEA7C5}.Debug|x86.Build.0 = Debug|Any CPU
		{3F809B6D-7F9D-43E0-8C2B-0343E0EEA7C5}.Release|Any CPU.ActiveCfg = Release|Any CPU
		{3F809B6D-7F9D-43E0-8C2B-0343E0EEA7C5}.Release|Any CPU.Build.0 = Release|Any CPU
		{3F809B6D-7F9D-43E0-8C2B-0343E0EEA7C5}.Release|x64.ActiveCfg = Release|Any CPU
		{3F809B6D-7F9D-43E0-8C2B-0343E0EEA7C5}.Release|x64.Build.0 = Release|Any CPU
		{3F809B6D-7F9D-43E0-8C2B-0343E0EEA7C5}.Release|x86.ActiveCfg = Release|Any CPU
		{3F809B6D-7F9D-43E0-8C2B-0343E0EEA7C5}.Release|x86.Build.0 = Release|Any CPU
		{2F351448-D037-476E-AB76-5C1066298029}.Debug|Any CPU.ActiveCfg = Debug|Any CPU
		{2F351448-D037-476E-AB76-5C1066298029}.Debug|Any CPU.Build.0 = Debug|Any CPU
		{2F351448-D037-476E-AB76-5C1066298029}.Debug|x64.ActiveCfg = Debug|Any CPU
		{2F351448-D037-476E-AB76-5C1066298029}.Debug|x64.Build.0 = Debug|Any CPU
		{2F351448-D037-476E-AB76-5C1066298029}.Debug|x86.ActiveCfg = Debug|Any CPU
		{2F351448-D037-476E-AB76-5C1066298029}.Debug|x86.Build.0 = Debug|Any CPU
		{2F351448-D037-476E-AB76-5C1066298029}.Release|Any CPU.ActiveCfg = Release|Any CPU
		{2F351448-D037-476E-AB76-5C1066298029}.Release|Any CPU.Build.0 = Release|Any CPU
		{2F351448-D037-476E-AB76-5C1066298029}.Release|x64.ActiveCfg = Release|Any CPU
		{2F351448-D037-476E-AB76-5C1066298029}.Release|x64.Build.0 = Release|Any CPU
		{2F351448-D037-476E-AB76-5C1066298029}.Release|x86.ActiveCfg = Release|Any CPU
		{2F351448-D037-476E-AB76-5C1066298029}.Release|x86.Build.0 = Release|Any CPU
		{9F63461C-84A9-4E36-8596-59EDF37B9C94}.Debug|Any CPU.ActiveCfg = Debug|Any CPU
		{9F63461C-84A9-4E36-8596-59EDF37B9C94}.Debug|Any CPU.Build.0 = Debug|Any CPU
		{9F63461C-84A9-4E36-8596-59EDF37B9C94}.Debug|x64.ActiveCfg = Debug|Any CPU
		{9F63461C-84A9-4E36-8596-59EDF37B9C94}.Debug|x64.Build.0 = Debug|Any CPU
		{9F63461C-84A9-4E36-8596-59EDF37B9C94}.Debug|x86.ActiveCfg = Debug|Any CPU
		{9F63461C-84A9-4E36-8596-59EDF37B9C94}.Debug|x86.Build.0 = Debug|Any CPU
		{9F63461C-84A9-4E36-8596-59EDF37B9C94}.Release|Any CPU.ActiveCfg = Release|Any CPU
		{9F63461C-84A9-4E36-8596-59EDF37B9C94}.Release|Any CPU.Build.0 = Release|Any CPU
		{9F63461C-84A9-4E36-8596-59EDF37B9C94}.Release|x64.ActiveCfg = Release|Any CPU
		{9F63461C-84A9-4E36-8596-59EDF37B9C94}.Release|x64.Build.0 = Release|Any CPU
		{9F63461C-84A9-4E36-8596-59EDF37B9C94}.Release|x86.ActiveCfg = Release|Any CPU
		{9F63461C-84A9-4E36-8596-59EDF37B9C94}.Release|x86.Build.0 = Release|Any CPU
		{A4A39B22-C0A2-483C-9D5C-BAC21A7F701F}.Debug|Any CPU.ActiveCfg = Debug|Any CPU
		{A4A39B22-C0A2-483C-9D5C-BAC21A7F701F}.Debug|Any CPU.Build.0 = Debug|Any CPU
		{A4A39B22-C0A2-483C-9D5C-BAC21A7F701F}.Debug|x64.ActiveCfg = Debug|Any CPU
		{A4A39B22-C0A2-483C-9D5C-BAC21A7F701F}.Debug|x64.Build.0 = Debug|Any CPU
		{A4A39B22-C0A2-483C-9D5C-BAC21A7F701F}.Debug|x86.ActiveCfg = Debug|Any CPU
		{A4A39B22-C0A2-483C-9D5C-BAC21A7F701F}.Debug|x86.Build.0 = Debug|Any CPU
		{A4A39B22-C0A2-483C-9D5C-BAC21A7F701F}.Release|Any CPU.ActiveCfg = Release|Any CPU
		{A4A39B22-C0A2-483C-9D5C-BAC21A7F701F}.Release|Any CPU.Build.0 = Release|Any CPU
		{A4A39B22-C0A2-483C-9D5C-BAC21A7F701F}.Release|x64.ActiveCfg = Release|Any CPU
		{A4A39B22-C0A2-483C-9D5C-BAC21A7F701F}.Release|x64.Build.0 = Release|Any CPU
		{A4A39B22-C0A2-483C-9D5C-BAC21A7F701F}.Release|x86.ActiveCfg = Release|Any CPU
		{A4A39B22-C0A2-483C-9D5C-BAC21A7F701F}.Release|x86.Build.0 = Release|Any CPU
		{00F64624-5CE4-47D7-A977-A59326836E62}.Debug|Any CPU.ActiveCfg = Debug|Any CPU
		{00F64624-5CE4-47D7-A977-A59326836E62}.Debug|Any CPU.Build.0 = Debug|Any CPU
		{00F64624-5CE4-47D7-A977-A59326836E62}.Debug|x64.ActiveCfg = Debug|Any CPU
		{00F64624-5CE4-47D7-A977-A59326836E62}.Debug|x64.Build.0 = Debug|Any CPU
		{00F64624-5CE4-47D7-A977-A59326836E62}.Debug|x86.ActiveCfg = Debug|Any CPU
		{00F64624-5CE4-47D7-A977-A59326836E62}.Debug|x86.Build.0 = Debug|Any CPU
		{00F64624-5CE4-47D7-A977-A59326836E62}.Release|Any CPU.ActiveCfg = Release|Any CPU
		{00F64624-5CE4-47D7-A977-A59326836E62}.Release|Any CPU.Build.0 = Release|Any CPU
		{00F64624-5CE4-47D7-A977-A59326836E62}.Release|x64.ActiveCfg = Release|Any CPU
		{00F64624-5CE4-47D7-A977-A59326836E62}.Release|x64.Build.0 = Release|Any CPU
		{00F64624-5CE4-47D7-A977-A59326836E62}.Release|x86.ActiveCfg = Release|Any CPU
		{00F64624-5CE4-47D7-A977-A59326836E62}.Release|x86.Build.0 = Release|Any CPU
	EndGlobalSection
	GlobalSection(SolutionProperties) = preSolution
		HideSolutionNode = FALSE
	EndGlobalSection
	GlobalSection(NestedProjects) = preSolution
		{1825501C-1E35-41D6-966D-3E63E9A3AA2C} = {13476B38-99FF-4DBA-B0BB-9BCAE725AF03}
		{8EFDEA74-E676-4A42-9525-944D729E2846} = {905CA932-574F-4D40-8B5E-382116B4DBE0}
		{ABFF5805-C290-4FA4-A342-BC7FEC195930} = {713F649C-2CD3-4B3A-8D5A-CC1CA5E457DE}
		{F8D33F0D-6267-4D25-85AA-352840DFF153} = {713F649C-2CD3-4B3A-8D5A-CC1CA5E457DE}
		{253D9324-4ABD-425B-9AF5-FEBEC8A244CE} = {905CA932-574F-4D40-8B5E-382116B4DBE0}
		{ECF496C1-A0EB-4813-B871-5E62C14D303D} = {905CA932-574F-4D40-8B5E-382116B4DBE0}
		{C545D559-6DAF-48BA-9F6D-B6D9EFB3BE2C} = {697788D9-6523-4CD1-AA91-D299F32EFBB6}
		{140B4D2B-39ED-467D-B25F-9BE7CFD1014D} = {697788D9-6523-4CD1-AA91-D299F32EFBB6}
		{FEE50B2C-56CB-44C8-A1AC-70CE43328772} = {322561D0-D5C5-428E-8A81-AFE48EE4AB49}
		{141B28ED-F84A-4D64-8471-97441D18CDC6} = {713F649C-2CD3-4B3A-8D5A-CC1CA5E457DE}
		{E019CAD2-34B3-4667-B11F-9AB1FA7F0AD0} = {905CA932-574F-4D40-8B5E-382116B4DBE0}
		{2B7E5B55-9079-44E9-9ACF-36FDA06DA2AB} = {697788D9-6523-4CD1-AA91-D299F32EFBB6}
		{3F809B6D-7F9D-43E0-8C2B-0343E0EEA7C5} = {713F649C-2CD3-4B3A-8D5A-CC1CA5E457DE}
		{2F351448-D037-476E-AB76-5C1066298029} = {905CA932-574F-4D40-8B5E-382116B4DBE0}
		{9F63461C-84A9-4E36-8596-59EDF37B9C94} = {322561D0-D5C5-428E-8A81-AFE48EE4AB49}
		{A4A39B22-C0A2-483C-9D5C-BAC21A7F701F} = {713F649C-2CD3-4B3A-8D5A-CC1CA5E457DE}
		{00F64624-5CE4-47D7-A977-A59326836E62} = {713F649C-2CD3-4B3A-8D5A-CC1CA5E457DE}
	EndGlobalSection
	GlobalSection(ExtensibilityGlobals) = postSolution
		SolutionGuid = {ACB1010B-B046-4E4A-A659-97DFC66BD82D}
	EndGlobalSection
EndGlobal
